// !$*UTF8*$!
{
	archiveVersion = 1;
	classes = {
	};
	objectVersion = 46;
	objects = {

/* Begin PBXBuildFile section */
		FC37B30C1ADA0EA300D5B180 /* AppDelegate.swift in Sources */ = {isa = PBXBuildFile; fileRef = FC37B30B1ADA0EA300D5B180 /* AppDelegate.swift */; };
		FC37B3111ADA0EA300D5B180 /* Main.storyboard in Resources */ = {isa = PBXBuildFile; fileRef = FC37B30F1ADA0EA300D5B180 /* Main.storyboard */; };
		FC37B3131ADA0EA300D5B180 /* Images.xcassets in Resources */ = {isa = PBXBuildFile; fileRef = FC37B3121ADA0EA300D5B180 /* Images.xcassets */; };
		FC37B3161ADA0EA300D5B180 /* LaunchScreen.xib in Resources */ = {isa = PBXBuildFile; fileRef = FC37B3141ADA0EA300D5B180 /* LaunchScreen.xib */; };
		FC37B3221ADA0EA300D5B180 /* UberSchedulerTests.swift in Sources */ = {isa = PBXBuildFile; fileRef = FC37B3211ADA0EA300D5B180 /* UberSchedulerTests.swift */; };
		FC37B32F1ADA1A3E00D5B180 /* LoginViewModel.swift in Sources */ = {isa = PBXBuildFile; fileRef = FC37B32E1ADA1A3E00D5B180 /* LoginViewModel.swift */; };
		FC37B3311ADA1B7400D5B180 /* LoginViewController.swift in Sources */ = {isa = PBXBuildFile; fileRef = FC37B3301ADA1B7400D5B180 /* LoginViewController.swift */; };
		FC37B3361ADA1D0C00D5B180 /* Lockbox.m in Sources */ = {isa = PBXBuildFile; fileRef = FC37B3351ADA1D0C00D5B180 /* Lockbox.m */; };
/* End PBXBuildFile section */

/* Begin PBXContainerItemProxy section */
		FC37B31C1ADA0EA300D5B180 /* PBXContainerItemProxy */ = {
			isa = PBXContainerItemProxy;
			containerPortal = FC37B2FE1ADA0EA300D5B180 /* Project object */;
			proxyType = 1;
			remoteGlobalIDString = FC37B3051ADA0EA300D5B180;
			remoteInfo = UberScheduler;
		};
/* End PBXContainerItemProxy section */

/* Begin PBXFileReference section */
		FC37B3061ADA0EA300D5B180 /* UberScheduler.app */ = {isa = PBXFileReference; explicitFileType = wrapper.application; includeInIndex = 0; path = UberScheduler.app; sourceTree = BUILT_PRODUCTS_DIR; };
		FC37B30A1ADA0EA300D5B180 /* Info.plist */ = {isa = PBXFileReference; lastKnownFileType = text.plist.xml; path = Info.plist; sourceTree = "<group>"; };
		FC37B30B1ADA0EA300D5B180 /* AppDelegate.swift */ = {isa = PBXFileReference; lastKnownFileType = sourcecode.swift; path = AppDelegate.swift; sourceTree = "<group>"; };
		FC37B3101ADA0EA300D5B180 /* Base */ = {isa = PBXFileReference; lastKnownFileType = file.storyboard; name = Base; path = Base.lproj/Main.storyboard; sourceTree = "<group>"; };
		FC37B3121ADA0EA300D5B180 /* Images.xcassets */ = {isa = PBXFileReference; lastKnownFileType = folder.assetcatalog; path = Images.xcassets; sourceTree = "<group>"; };
		FC37B3151ADA0EA300D5B180 /* Base */ = {isa = PBXFileReference; lastKnownFileType = file.xib; name = Base; path = Base.lproj/LaunchScreen.xib; sourceTree = "<group>"; };
		FC37B31B1ADA0EA300D5B180 /* UberSchedulerTests.xctest */ = {isa = PBXFileReference; explicitFileType = wrapper.cfbundle; includeInIndex = 0; path = UberSchedulerTests.xctest; sourceTree = BUILT_PRODUCTS_DIR; };
		FC37B3201ADA0EA300D5B180 /* Info.plist */ = {isa = PBXFileReference; lastKnownFileType = text.plist.xml; path = Info.plist; sourceTree = "<group>"; };
		FC37B3211ADA0EA300D5B180 /* UberSchedulerTests.swift */ = {isa = PBXFileReference; lastKnownFileType = sourcecode.swift; path = UberSchedulerTests.swift; sourceTree = "<group>"; };
		FC37B32E1ADA1A3E00D5B180 /* LoginViewModel.swift */ = {isa = PBXFileReference; fileEncoding = 4; lastKnownFileType = sourcecode.swift; path = LoginViewModel.swift; sourceTree = "<group>"; };
		FC37B3301ADA1B7400D5B180 /* LoginViewController.swift */ = {isa = PBXFileReference; fileEncoding = 4; lastKnownFileType = sourcecode.swift; path = LoginViewController.swift; sourceTree = "<group>"; };
		FC37B3321ADA1CDE00D5B180 /* BridgingHeader.h */ = {isa = PBXFileReference; lastKnownFileType = sourcecode.c.h; path = BridgingHeader.h; sourceTree = "<group>"; };
		FC37B3341ADA1D0C00D5B180 /* Lockbox.h */ = {isa = PBXFileReference; fileEncoding = 4; lastKnownFileType = sourcecode.c.h; name = Lockbox.h; path = ../../Lockbox/Lockbox.h; sourceTree = "<group>"; };
		FC37B3351ADA1D0C00D5B180 /* Lockbox.m */ = {isa = PBXFileReference; fileEncoding = 4; lastKnownFileType = sourcecode.c.objc; name = Lockbox.m; path = ../../Lockbox/Lockbox.m; sourceTree = "<group>"; };
/* End PBXFileReference section */

/* Begin PBXFrameworksBuildPhase section */
		FC37B3031ADA0EA300D5B180 /* Frameworks */ = {
			isa = PBXFrameworksBuildPhase;
			buildActionMask = 2147483647;
			files = (
			);
			runOnlyForDeploymentPostprocessing = 0;
		};
		FC37B3181ADA0EA300D5B180 /* Frameworks */ = {
			isa = PBXFrameworksBuildPhase;
			buildActionMask = 2147483647;
			files = (
			);
			runOnlyForDeploymentPostprocessing = 0;
		};
/* End PBXFrameworksBuildPhase section */

/* Begin PBXGroup section */
		FC37B2FD1ADA0EA300D5B180 = {
			isa = PBXGroup;
			children = (
				FC37B3081ADA0EA300D5B180 /* UberScheduler */,
				FC37B31E1ADA0EA300D5B180 /* UberSchedulerTests */,
				FC37B3071ADA0EA300D5B180 /* Products */,
			);
			sourceTree = "<group>";
		};
		FC37B3071ADA0EA300D5B180 /* Products */ = {
			isa = PBXGroup;
			children = (
				FC37B3061ADA0EA300D5B180 /* UberScheduler.app */,
				FC37B31B1ADA0EA300D5B180 /* UberSchedulerTests.xctest */,
			);
			name = Products;
			sourceTree = "<group>";
		};
		FC37B3081ADA0EA300D5B180 /* UberScheduler */ = {
			isa = PBXGroup;
			children = (
				FC37B32D1ADA0EBF00D5B180 /* ViewModel */,
				FC37B32C1ADA0EBB00D5B180 /* View */,
				FC37B32B1ADA0EB600D5B180 /* Model */,
				FC37B30B1ADA0EA300D5B180 /* AppDelegate.swift */,
				FC37B3321ADA1CDE00D5B180 /* BridgingHeader.h */,
				FC37B3341ADA1D0C00D5B180 /* Lockbox.h */,
				FC37B3351ADA1D0C00D5B180 /* Lockbox.m */,
				FC37B3121ADA0EA300D5B180 /* Images.xcassets */,
				FC37B3141ADA0EA300D5B180 /* LaunchScreen.xib */,
				FC37B3091ADA0EA300D5B180 /* Supporting Files */,
			);
			path = UberScheduler;
			sourceTree = "<group>";
		};
		FC37B3091ADA0EA300D5B180 /* Supporting Files */ = {
			isa = PBXGroup;
			children = (
				FC37B30A1ADA0EA300D5B180 /* Info.plist */,
			);
			name = "Supporting Files";
			sourceTree = "<group>";
		};
		FC37B31E1ADA0EA300D5B180 /* UberSchedulerTests */ = {
			isa = PBXGroup;
			children = (
				FC37B3211ADA0EA300D5B180 /* UberSchedulerTests.swift */,
				FC37B31F1ADA0EA300D5B180 /* Supporting Files */,
			);
			path = UberSchedulerTests;
			sourceTree = "<group>";
		};
		FC37B31F1ADA0EA300D5B180 /* Supporting Files */ = {
			isa = PBXGroup;
			children = (
				FC37B3201ADA0EA300D5B180 /* Info.plist */,
			);
			name = "Supporting Files";
			sourceTree = "<group>";
		};
		FC37B32B1ADA0EB600D5B180 /* Model */ = {
			isa = PBXGroup;
			children = (
			);
			name = Model;
			sourceTree = "<group>";
		};
		FC37B32C1ADA0EBB00D5B180 /* View */ = {
			isa = PBXGroup;
			children = (
				FC37B3301ADA1B7400D5B180 /* LoginViewController.swift */,
				FC37B30F1ADA0EA300D5B180 /* Main.storyboard */,
			);
			name = View;
			sourceTree = "<group>";
		};
		FC37B32D1ADA0EBF00D5B180 /* ViewModel */ = {
			isa = PBXGroup;
			children = (
				FC37B32E1ADA1A3E00D5B180 /* LoginViewModel.swift */,
			);
			name = ViewModel;
			sourceTree = "<group>";
		};
/* End PBXGroup section */

/* Begin PBXNativeTarget section */
		FC37B3051ADA0EA300D5B180 /* UberScheduler */ = {
			isa = PBXNativeTarget;
			buildConfigurationList = FC37B3251ADA0EA300D5B180 /* Build configuration list for PBXNativeTarget "UberScheduler" */;
			buildPhases = (
				FC37B3021ADA0EA300D5B180 /* Sources */,
				FC37B3031ADA0EA300D5B180 /* Frameworks */,
				FC37B3041ADA0EA300D5B180 /* Resources */,
			);
			buildRules = (
			);
			dependencies = (
			);
			name = UberScheduler;
			productName = UberScheduler;
			productReference = FC37B3061ADA0EA300D5B180 /* UberScheduler.app */;
			productType = "com.apple.product-type.application";
		};
		FC37B31A1ADA0EA300D5B180 /* UberSchedulerTests */ = {
			isa = PBXNativeTarget;
			buildConfigurationList = FC37B3281ADA0EA300D5B180 /* Build configuration list for PBXNativeTarget "UberSchedulerTests" */;
			buildPhases = (
				FC37B3171ADA0EA300D5B180 /* Sources */,
				FC37B3181ADA0EA300D5B180 /* Frameworks */,
				FC37B3191ADA0EA300D5B180 /* Resources */,
			);
			buildRules = (
			);
			dependencies = (
				FC37B31D1ADA0EA300D5B180 /* PBXTargetDependency */,
			);
			name = UberSchedulerTests;
			productName = UberSchedulerTests;
			productReference = FC37B31B1ADA0EA300D5B180 /* UberSchedulerTests.xctest */;
			productType = "com.apple.product-type.bundle.unit-test";
		};
/* End PBXNativeTarget section */

/* Begin PBXProject section */
		FC37B2FE1ADA0EA300D5B180 /* Project object */ = {
			isa = PBXProject;
			attributes = {
				LastUpgradeCheck = 0610;
				ORGANIZATIONNAME = "Canzhi Ye";
				TargetAttributes = {
					FC37B3051ADA0EA300D5B180 = {
						CreatedOnToolsVersion = 6.1.1;
					};
					FC37B31A1ADA0EA300D5B180 = {
						CreatedOnToolsVersion = 6.1.1;
						TestTargetID = FC37B3051ADA0EA300D5B180;
					};
				};
			};
			buildConfigurationList = FC37B3011ADA0EA300D5B180 /* Build configuration list for PBXProject "UberScheduler" */;
			compatibilityVersion = "Xcode 3.2";
			developmentRegion = English;
			hasScannedForEncodings = 0;
			knownRegions = (
				en,
				Base,
			);
			mainGroup = FC37B2FD1ADA0EA300D5B180;
			productRefGroup = FC37B3071ADA0EA300D5B180 /* Products */;
			projectDirPath = "";
			projectRoot = "";
			targets = (
				FC37B3051ADA0EA300D5B180 /* UberScheduler */,
				FC37B31A1ADA0EA300D5B180 /* UberSchedulerTests */,
			);
		};
/* End PBXProject section */

/* Begin PBXResourcesBuildPhase section */
		FC37B3041ADA0EA300D5B180 /* Resources */ = {
			isa = PBXResourcesBuildPhase;
			buildActionMask = 2147483647;
			files = (
				FC37B3111ADA0EA300D5B180 /* Main.storyboard in Resources */,
				FC37B3161ADA0EA300D5B180 /* LaunchScreen.xib in Resources */,
				FC37B3131ADA0EA300D5B180 /* Images.xcassets in Resources */,
			);
			runOnlyForDeploymentPostprocessing = 0;
		};
		FC37B3191ADA0EA300D5B180 /* Resources */ = {
			isa = PBXResourcesBuildPhase;
			buildActionMask = 2147483647;
			files = (
			);
			runOnlyForDeploymentPostprocessing = 0;
		};
/* End PBXResourcesBuildPhase section */

/* Begin PBXSourcesBuildPhase section */
		FC37B3021ADA0EA300D5B180 /* Sources */ = {
			isa = PBXSourcesBuildPhase;
			buildActionMask = 2147483647;
			files = (
				FC37B3311ADA1B7400D5B180 /* LoginViewController.swift in Sources */,
				FC37B3361ADA1D0C00D5B180 /* Lockbox.m in Sources */,
				FC37B30C1ADA0EA300D5B180 /* AppDelegate.swift in Sources */,
				FC37B32F1ADA1A3E00D5B180 /* LoginViewModel.swift in Sources */,
			);
			runOnlyForDeploymentPostprocessing = 0;
		};
		FC37B3171ADA0EA300D5B180 /* Sources */ = {
			isa = PBXSourcesBuildPhase;
			buildActionMask = 2147483647;
			files = (
				FC37B3221ADA0EA300D5B180 /* UberSchedulerTests.swift in Sources */,
			);
			runOnlyForDeploymentPostprocessing = 0;
		};
/* End PBXSourcesBuildPhase section */

/* Begin PBXTargetDependency section */
		FC37B31D1ADA0EA300D5B180 /* PBXTargetDependency */ = {
			isa = PBXTargetDependency;
			target = FC37B3051ADA0EA300D5B180 /* UberScheduler */;
			targetProxy = FC37B31C1ADA0EA300D5B180 /* PBXContainerItemProxy */;
		};
/* End PBXTargetDependency section */

/* Begin PBXVariantGroup section */
		FC37B30F1ADA0EA300D5B180 /* Main.storyboard */ = {
			isa = PBXVariantGroup;
			children = (
				FC37B3101ADA0EA300D5B180 /* Base */,
			);
			name = Main.storyboard;
			sourceTree = "<group>";
		};
		FC37B3141ADA0EA300D5B180 /* LaunchScreen.xib */ = {
			isa = PBXVariantGroup;
			children = (
				FC37B3151ADA0EA300D5B180 /* Base */,
			);
			name = LaunchScreen.xib;
			sourceTree = "<group>";
		};
/* End PBXVariantGroup section */

/* Begin XCBuildConfiguration section */
		FC37B3231ADA0EA300D5B180 /* Debug */ = {
			isa = XCBuildConfiguration;
			buildSettings = {
				ALWAYS_SEARCH_USER_PATHS = NO;
				CLANG_CXX_LANGUAGE_STANDARD = "gnu++0x";
				CLANG_CXX_LIBRARY = "libc++";
				CLANG_ENABLE_MODULES = YES;
				CLANG_ENABLE_OBJC_ARC = YES;
				CLANG_WARN_BOOL_CONVERSION = YES;
				CLANG_WARN_CONSTANT_CONVERSION = YES;
				CLANG_WARN_DIRECT_OBJC_ISA_USAGE = YES_ERROR;
				CLANG_WARN_EMPTY_BODY = YES;
				CLANG_WARN_ENUM_CONVERSION = YES;
				CLANG_WARN_INT_CONVERSION = YES;
				CLANG_WARN_OBJC_ROOT_CLASS = YES_ERROR;
				CLANG_WARN_UNREACHABLE_CODE = YES;
				CLANG_WARN__DUPLICATE_METHOD_MATCH = YES;
				"CODE_SIGN_IDENTITY[sdk=iphoneos*]" = "iPhone Developer";
				COPY_PHASE_STRIP = NO;
				ENABLE_STRICT_OBJC_MSGSEND = YES;
				GCC_C_LANGUAGE_STANDARD = gnu99;
				GCC_DYNAMIC_NO_PIC = NO;
				GCC_OPTIMIZATION_LEVEL = 0;
				GCC_PREPROCESSOR_DEFINITIONS = (
					"DEBUG=1",
					"$(inherited)",
				);
				GCC_SYMBOLS_PRIVATE_EXTERN = NO;
				GCC_WARN_64_TO_32_BIT_CONVERSION = YES;
				GCC_WARN_ABOUT_RETURN_TYPE = YES_ERROR;
				GCC_WARN_UNDECLARED_SELECTOR = YES;
				GCC_WARN_UNINITIALIZED_AUTOS = YES_AGGRESSIVE;
				GCC_WARN_UNUSED_FUNCTION = YES;
				GCC_WARN_UNUSED_VARIABLE = YES;
				IPHONEOS_DEPLOYMENT_TARGET = 8.1;
				MTL_ENABLE_DEBUG_INFO = YES;
				ONLY_ACTIVE_ARCH = YES;
				SDKROOT = iphoneos;
				SWIFT_OPTIMIZATION_LEVEL = "-Onone";
			};
			name = Debug;
		};
		FC37B3241ADA0EA300D5B180 /* Release */ = {
			isa = XCBuildConfiguration;
			buildSettings = {
				ALWAYS_SEARCH_USER_PATHS = NO;
				CLANG_CXX_LANGUAGE_STANDARD = "gnu++0x";
				CLANG_CXX_LIBRARY = "libc++";
				CLANG_ENABLE_MODULES = YES;
				CLANG_ENABLE_OBJC_ARC = YES;
				CLANG_WARN_BOOL_CONVERSION = YES;
				CLANG_WARN_CONSTANT_CONVERSION = YES;
				CLANG_WARN_DIRECT_OBJC_ISA_USAGE = YES_ERROR;
				CLANG_WARN_EMPTY_BODY = YES;
				CLANG_WARN_ENUM_CONVERSION = YES;
				CLANG_WARN_INT_CONVERSION = YES;
				CLANG_WARN_OBJC_ROOT_CLASS = YES_ERROR;
				CLANG_WARN_UNREACHABLE_CODE = YES;
				CLANG_WARN__DUPLICATE_METHOD_MATCH = YES;
				"CODE_SIGN_IDENTITY[sdk=iphoneos*]" = "iPhone Developer";
				COPY_PHASE_STRIP = YES;
				ENABLE_NS_ASSERTIONS = NO;
				ENABLE_STRICT_OBJC_MSGSEND = YES;
				GCC_C_LANGUAGE_STANDARD = gnu99;
				GCC_WARN_64_TO_32_BIT_CONVERSION = YES;
				GCC_WARN_ABOUT_RETURN_TYPE = YES_ERROR;
				GCC_WARN_UNDECLARED_SELECTOR = YES;
				GCC_WARN_UNINITIALIZED_AUTOS = YES_AGGRESSIVE;
				GCC_WARN_UNUSED_FUNCTION = YES;
				GCC_WARN_UNUSED_VARIABLE = YES;
				IPHONEOS_DEPLOYMENT_TARGET = 8.1;
				MTL_ENABLE_DEBUG_INFO = NO;
				SDKROOT = iphoneos;
				VALIDATE_PRODUCT = YES;
			};
			name = Release;
		};
		FC37B3261ADA0EA300D5B180 /* Debug */ = {
			isa = XCBuildConfiguration;
			buildSettings = {
				ASSETCATALOG_COMPILER_APPICON_NAME = AppIcon;
				CLANG_ENABLE_MODULES = YES;
				INFOPLIST_FILE = UberScheduler/Info.plist;
				LD_RUNPATH_SEARCH_PATHS = "$(inherited) @executable_path/Frameworks";
				PRODUCT_NAME = "$(TARGET_NAME)";
				SWIFT_OBJC_BRIDGING_HEADER = "UberScheduler/UberScheduler-Bridging-Header.h";
				SWIFT_OPTIMIZATION_LEVEL = "-Onone";
			};
			name = Debug;
		};
		FC37B3271ADA0EA300D5B180 /* Release */ = {
			isa = XCBuildConfiguration;
			buildSettings = {
				ASSETCATALOG_COMPILER_APPICON_NAME = AppIcon;
				CLANG_ENABLE_MODULES = YES;
				INFOPLIST_FILE = UberScheduler/Info.plist;
				LD_RUNPATH_SEARCH_PATHS = "$(inherited) @executable_path/Frameworks";
				PRODUCT_NAME = "$(TARGET_NAME)";
				SWIFT_OBJC_BRIDGING_HEADER = "UberScheduler/UberScheduler-Bridging-Header.h";
			};
			name = Release;
		};
		FC37B3291ADA0EA300D5B180 /* Debug */ = {
			isa = XCBuildConfiguration;
			buildSettings = {
				BUNDLE_LOADER = "$(TEST_HOST)";
				FRAMEWORK_SEARCH_PATHS = (
					"$(SDKROOT)/Developer/Library/Frameworks",
					"$(inherited)",
				);
				GCC_PREPROCESSOR_DEFINITIONS = (
					"DEBUG=1",
					"$(inherited)",
				);
				INFOPLIST_FILE = UberSchedulerTests/Info.plist;
				LD_RUNPATH_SEARCH_PATHS = "$(inherited) @executable_path/Frameworks @loader_path/Frameworks";
				PRODUCT_NAME = "$(TARGET_NAME)";
				TEST_HOST = "$(BUILT_PRODUCTS_DIR)/UberScheduler.app/UberScheduler";
			};
			name = Debug;
		};
		FC37B32A1ADA0EA300D5B180 /* Release */ = {
			isa = XCBuildConfiguration;
			buildSettings = {
				BUNDLE_LOADER = "$(TEST_HOST)";
				FRAMEWORK_SEARCH_PATHS = (
					"$(SDKROOT)/Developer/Library/Frameworks",
					"$(inherited)",
				);
				INFOPLIST_FILE = UberSchedulerTests/Info.plist;
				LD_RUNPATH_SEARCH_PATHS = "$(inherited) @executable_path/Frameworks @loader_path/Frameworks";
				PRODUCT_NAME = "$(TARGET_NAME)";
				TEST_HOST = "$(BUILT_PRODUCTS_DIR)/UberScheduler.app/UberScheduler";
			};
			name = Release;
		};
/* End XCBuildConfiguration section */

/* Begin XCConfigurationList section */
		FC37B3011ADA0EA300D5B180 /* Build configuration list for PBXProject "UberScheduler" */ = {
			isa = XCConfigurationList;
			buildConfigurations = (
				FC37B3231ADA0EA300D5B180 /* Debug */,
				FC37B3241ADA0EA300D5B180 /* Release */,
			);
			defaultConfigurationIsVisible = 0;
			defaultConfigurationName = Release;
		};
		FC37B3251ADA0EA300D5B180 /* Build configuration list for PBXNativeTarget "UberScheduler" */ = {
			isa = XCConfigurationList;
			buildConfigurations = (
				FC37B3261ADA0EA300D5B180 /* Debug */,
				FC37B3271ADA0EA300D5B180 /* Release */,
			);
			defaultConfigurationIsVisible = 0;
		};
		FC37B3281ADA0EA300D5B180 /* Build configuration list for PBXNativeTarget "UberSchedulerTests" */ = {
			isa = XCConfigurationList;
			buildConfigurations = (
				FC37B3291ADA0EA300D5B180 /* Debug */,
				FC37B32A1ADA0EA300D5B180 /* Release */,
			);
			defaultConfigurationIsVisible = 0;
		};
/* End XCConfigurationList section */
	};
	rootObject = FC37B2FE1ADA0EA300D5B180 /* Project object */;
}
